
Microsoft Visual Studio Solution File, Format Version 12.00
# Visual Studio 15
Project("{FAE04EC0-301F-11D3-BF4B-00C04F79EFBC}") = "Assembly-CSharp", "Assembly-CSharp.csproj", "{B67331D7-21C5-CF1B-D688-44AC72C476C6}"
EndProject
Global
	GlobalSection(SolutionConfigurationPlatforms) = preSolution
		Debug|Any CPU = Debug|Any CPU
		Release|Any CPU = Release|Any CPU
	EndGlobalSection
	GlobalSection(ProjectConfigurationPlatforms) = postSolution
		{B67331D7-21C5-CF1B-D688-44AC72C476C6}.Debug|Any CPU.ActiveCfg = Debug|Any CPU
		{B67331D7-21C5-CF1B-D688-44AC72C476C6}.Debug|Any CPU.Build.0 = Debug|Any CPU
		{B67331D7-21C5-CF1B-D688-44AC72C476C6}.Release|Any CPU.ActiveCfg = Release|Any CPU
		{B67331D7-21C5-CF1B-D688-44AC72C476C6}.Release|Any CPU.Build.0 = Release|Any CPU
	EndGlobalSection
	GlobalSection(SolutionProperties) = preSolution
		HideSolutionNode = FALSE
	EndGlobalSection
EndGlobal
